
Microsoft Visual Studio Solution File, Format Version 12.00
# Visual Studio Version 17
Project("{FAE04EC0-301F-11D3-BF4B-00C04F79EFBC}") = "DatabaseMigrator", "src\DatabaseMigrator\DatabaseMigrator.csproj", "{A1B2C3D4-E5F6-7890-ABCD-111111111111}"
EndProject
Project("{FAE04EC0-301F-11D3-BF4B-00C04F79EFBC}") = "DatabaseMigrator.Core", "src\DatabaseMigrator.Core\DatabaseMigrator.Core.csproj", "{B2C3D4E5-F6A7-8901-BCDE-222222222222}"
EndProject
Project("{2150E333-8FDC-42A3-9474-1A3956D46DE8}") = "tests", "tests", "{0AB3BF05-4346-4AA6-1389-037BE0695223}"
EndProject
Project("{FAE04EC0-301F-11D3-BF4B-00C04F79EFBC}") = "DatabaseMigrator.Tests", "tests\DatabaseMigrator.Tests\DatabaseMigrator.Tests.csproj", "{F5B4802D-5057-46C4-B9E6-8F2343C253B9}"
EndProject
Global
	GlobalSection(SolutionConfigurationPlatforms) = preSolution
		Debug|Any CPU = Debug|Any CPU
		Debug|x64 = Debug|x64
		Debug|x86 = Debug|x86
		Release|Any CPU = Release|Any CPU
		Release|x64 = Release|x64
		Release|x86 = Release|x86
	EndGlobalSection
	GlobalSection(ProjectConfigurationPlatforms) = postSolution
		{A1B2C3D4-E5F6-7890-ABCD-111111111111}.Debug|Any CPU.ActiveCfg = Debug|Any CPU
		{A1B2C3D4-E5F6-7890-ABCD-111111111111}.Debug|Any CPU.Build.0 = Debug|Any CPU
		{A1B2C3D4-E5F6-7890-ABCD-111111111111}.Debug|x64.ActiveCfg = Debug|Any CPU
		{A1B2C3D4-E5F6-7890-ABCD-111111111111}.Debug|x64.Build.0 = Debug|Any CPU
		{A1B2C3D4-E5F6-7890-ABCD-111111111111}.Debug|x86.ActiveCfg = Debug|Any CPU
		{A1B2C3D4-E5F6-7890-ABCD-111111111111}.Debug|x86.Build.0 = Debug|Any CPU
		{A1B2C3D4-E5F6-7890-ABCD-111111111111}.Release|Any CPU.ActiveCfg = Release|Any CPU
		{A1B2C3D4-E5F6-7890-ABCD-111111111111}.Release|Any CPU.Build.0 = Release|Any CPU
		{A1B2C3D4-E5F6-7890-ABCD-111111111111}.Release|x64.ActiveCfg = Release|Any CPU
		{A1B2C3D4-E5F6-7890-ABCD-111111111111}.Release|x64.Build.0 = Release|Any CPU
		{A1B2C3D4-E5F6-7890-ABCD-111111111111}.Release|x86.ActiveCfg = Release|Any CPU
		{A1B2C3D4-E5F6-7890-ABCD-111111111111}.Release|x86.Build.0 = Release|Any CPU
		{B2C3D4E5-F6A7-8901-BCDE-222222222222}.Debug|Any CPU.ActiveCfg = Debug|Any CPU
		{B2C3D4E5-F6A7-8901-BCDE-222222222222}.Debug|Any CPU.Build.0 = Debug|Any CPU
		{B2C3D4E5-F6A7-8901-BCDE-222222222222}.Debug|x64.ActiveCfg = Debug|Any CPU
		{B2C3D4E5-F6A7-8901-BCDE-222222222222}.Debug|x64.Build.0 = Debug|Any CPU
		{B2C3D4E5-F6A7-8901-BCDE-222222222222}.Debug|x86.ActiveCfg = Debug|Any CPU
		{B2C3D4E5-F6A7-8901-BCDE-222222222222}.Debug|x86.Build.0 = Debug|Any CPU
		{B2C3D4E5-F6A7-8901-BCDE-222222222222}.Release|Any CPU.ActiveCfg = Release|Any CPU
		{B2C3D4E5-F6A7-8901-BCDE-222222222222}.Release|Any CPU.Build.0 = Release|Any CPU
		{B2C3D4E5-F6A7-8901-BCDE-222222222222}.Release|x64.ActiveCfg = Release|Any CPU
		{B2C3D4E5-F6A7-8901-BCDE-222222222222}.Release|x64.Build.0 = Release|Any CPU
		{B2C3D4E5-F6A7-8901-BCDE-222222222222}.Release|x86.ActiveCfg = Release|Any CPU
		{B2C3D4E5-F6A7-8901-BCDE-222222222222}.Release|x86.Build.0 = Release|Any CPU
		{F5B4802D-5057-46C4-B9E6-8F2343C253B9}.Debug|Any CPU.ActiveCfg = Debug|Any CPU
		{F5B4802D-5057-46C4-B9E6-8F2343C253B9}.Debug|Any CPU.Build.0 = Debug|Any CPU
		{F5B4802D-5057-46C4-B9E6-8F2343C253B9}.Debug|x64.ActiveCfg = Debug|Any CPU
		{F5B4802D-5057-46C4-B9E6-8F2343C253B9}.Debug|x64.Build.0 = Debug|Any CPU
		{F5B4802D-5057-46C4-B9E6-8F2343C253B9}.Debug|x86.ActiveCfg = Debug|Any CPU
		{F5B4802D-5057-46C4-B9E6-8F2343C253B9}.Debug|x86.Build.0 = Debug|Any CPU
		{F5B4802D-5057-46C4-B9E6-8F2343C253B9}.Release|Any CPU.ActiveCfg = Release|Any CPU
		{F5B4802D-5057-46C4-B9E6-8F2343C253B9}.Release|Any CPU.Build.0 = Release|Any CPU
		{F5B4802D-5057-46C4-B9E6-8F2343C253B9}.Release|x64.ActiveCfg = Release|Any CPU
		{F5B4802D-5057-46C4-B9E6-8F2343C253B9}.Release|x64.Build.0 = Release|Any CPU
		{F5B4802D-5057-46C4-B9E6-8F2343C253B9}.Release|x86.ActiveCfg = Release|Any CPU
		{F5B4802D-5057-46C4-B9E6-8F2343C253B9}.Release|x86.Build.0 = Release|Any CPU
	EndGlobalSection
	GlobalSection(SolutionProperties) = preSolution
		HideSolutionNode = FALSE
	EndGlobalSection
	GlobalSection(NestedProjects) = preSolution
		{F5B4802D-5057-46C4-B9E6-8F2343C253B9} = {0AB3BF05-4346-4AA6-1389-037BE0695223}
	EndGlobalSection
EndGlobal
